{
  "name": "mongodb-collection-query-with-mongoose",
  "version": "1.0.1",
  "lockfileVersion": 1,
  "requires": true,
  "dependencies": {
    "metaphone": {
      "version": "1.0.5",
      "resolved": "https://registry.npmjs.org/metaphone/-/metaphone-1.0.5.tgz",
      "integrity": "sha512-bS3Dskuw59qfQevC8Vd4ziuAMsefg61OgT3SLlX1Lvk/W9z6zBQZd3pjCgSYKOGa/fmEz/StzGYS0jFEpZPV3w=="
    }
  }
}
