{
  "name": "mongodb-collection-query-with-mongoose",
  "version": "2.0.2",
  "lockfileVersion": 2,
  "requires": true,
  "packages": {
    "": {
      "version": "2.0.2",
      "license": "ISC",
      "dependencies": {
        "metaphone": "1.0.5"
      },
      "devDependencies": {
        "@types/mongoose": "^5.10.3",
        "@types/node": "^14.14.34",
        "typescript": "^4.2.3"
      }
    },
    "node_modules/@types/bson": {
      "version": "4.0.3",
      "resolved": "https://registry.npmjs.org/@types/bson/-/bson-4.0.3.tgz",
      "integrity": "sha512-mVRvYnTOZJz3ccpxhr3wgxVmSeiYinW+zlzQz3SXWaJmD1DuL05Jeq7nKw3SnbKmbleW5qrLG5vdyWe/A9sXhw==",
      "dev": true,
      "dependencies": {
        "@types/node": "*"
      }
    },
    "node_modules/@types/mongodb": {
      "version": "3.6.9",
      "resolved": "https://registry.npmjs.org/@types/mongodb/-/mongodb-3.6.9.tgz",
      "integrity": "sha512-2XSGr/+IOKeFQ5tU9ATcIiIr7bpHqWyOXNGLOOhp0kg2NnfEvoKZF1SZ25j4zvJRqM2WeSUjfWSvymFJ3HBGJQ==",
      "dev": true,
      "dependencies": {
        "@types/bson": "*",
        "@types/node": "*"
      }
    },
    "node_modules/@types/mongoose": {
      "version": "5.10.3",
      "resolved": "https://registry.npmjs.org/@types/mongoose/-/mongoose-5.10.3.tgz",
      "integrity": "sha512-VfdnaFImXEJZZiuL2ID/ysZs4inOIjxwrAnUgkr5eum2O2BLhFkiSI0i87AwignVva1qWTJ3H3DyM0Rf4USJ4A==",
      "dev": true,
      "dependencies": {
        "@types/mongodb": "*",
        "@types/node": "*"
      }
    },
    "node_modules/@types/node": {
      "version": "14.14.34",
      "resolved": "https://registry.npmjs.org/@types/node/-/node-14.14.34.tgz",
      "integrity": "sha512-dBPaxocOK6UVyvhbnpFIj2W+S+1cBTkHQbFQfeeJhoKFbzYcVUGHvddeWPSucKATb3F0+pgDq0i6ghEaZjsugA==",
      "dev": true
    },
    "node_modules/metaphone": {
      "version": "1.0.5",
      "resolved": "https://registry.npmjs.org/metaphone/-/metaphone-1.0.5.tgz",
      "integrity": "sha512-bS3Dskuw59qfQevC8Vd4ziuAMsefg61OgT3SLlX1Lvk/W9z6zBQZd3pjCgSYKOGa/fmEz/StzGYS0jFEpZPV3w==",
      "bin": {
        "metaphone": "cli.js"
      }
    },
    "node_modules/typescript": {
      "version": "4.2.3",
      "resolved": "https://registry.npmjs.org/typescript/-/typescript-4.2.3.tgz",
      "integrity": "sha512-qOcYwxaByStAWrBf4x0fibwZvMRG+r4cQoTjbPtUlrWjBHbmCAww1i448U0GJ+3cNNEtebDteo/cHOR3xJ4wEw==",
      "dev": true,
      "bin": {
        "tsc": "bin/tsc",
        "tsserver": "bin/tsserver"
      },
      "engines": {
        "node": ">=4.2.0"
      }
    }
  },
  "dependencies": {
    "@types/bson": {
      "version": "4.0.3",
      "resolved": "https://registry.npmjs.org/@types/bson/-/bson-4.0.3.tgz",
      "integrity": "sha512-mVRvYnTOZJz3ccpxhr3wgxVmSeiYinW+zlzQz3SXWaJmD1DuL05Jeq7nKw3SnbKmbleW5qrLG5vdyWe/A9sXhw==",
      "dev": true,
      "requires": {
        "@types/node": "*"
      }
    },
    "@types/mongodb": {
      "version": "3.6.9",
      "resolved": "https://registry.npmjs.org/@types/mongodb/-/mongodb-3.6.9.tgz",
      "integrity": "sha512-2XSGr/+IOKeFQ5tU9ATcIiIr7bpHqWyOXNGLOOhp0kg2NnfEvoKZF1SZ25j4zvJRqM2WeSUjfWSvymFJ3HBGJQ==",
      "dev": true,
      "requires": {
        "@types/bson": "*",
        "@types/node": "*"
      }
    },
    "@types/mongoose": {
      "version": "5.10.3",
      "resolved": "https://registry.npmjs.org/@types/mongoose/-/mongoose-5.10.3.tgz",
      "integrity": "sha512-VfdnaFImXEJZZiuL2ID/ysZs4inOIjxwrAnUgkr5eum2O2BLhFkiSI0i87AwignVva1qWTJ3H3DyM0Rf4USJ4A==",
      "dev": true,
      "requires": {
        "@types/mongodb": "*",
        "@types/node": "*"
      }
    },
    "@types/node": {
      "version": "14.14.34",
      "resolved": "https://registry.npmjs.org/@types/node/-/node-14.14.34.tgz",
      "integrity": "sha512-dBPaxocOK6UVyvhbnpFIj2W+S+1cBTkHQbFQfeeJhoKFbzYcVUGHvddeWPSucKATb3F0+pgDq0i6ghEaZjsugA==",
      "dev": true
    },
    "metaphone": {
      "version": "1.0.5",
      "resolved": "https://registry.npmjs.org/metaphone/-/metaphone-1.0.5.tgz",
      "integrity": "sha512-bS3Dskuw59qfQevC8Vd4ziuAMsefg61OgT3SLlX1Lvk/W9z6zBQZd3pjCgSYKOGa/fmEz/StzGYS0jFEpZPV3w=="
    },
    "typescript": {
      "version": "4.2.3",
      "resolved": "https://registry.npmjs.org/typescript/-/typescript-4.2.3.tgz",
      "integrity": "sha512-qOcYwxaByStAWrBf4x0fibwZvMRG+r4cQoTjbPtUlrWjBHbmCAww1i448U0GJ+3cNNEtebDteo/cHOR3xJ4wEw==",
      "dev": true
    }
  }
}
